// !$*UTF8*$!
{
	archiveVersion = 1;
	classes = {
	};
	objectVersion = 46;
	objects = {

/* Begin PBXBuildFile section */
		7732FD8B1A09DD1B0024BF01 /* Foundation.framework in Frameworks */ = {isa = PBXBuildFile; fileRef = 7732FD8A1A09DD1B0024BF01 /* Foundation.framework */; };
		7732FD8D1A09DD1B0024BF01 /* CoreGraphics.framework in Frameworks */ = {isa = PBXBuildFile; fileRef = 7732FD8C1A09DD1B0024BF01 /* CoreGraphics.framework */; };
		7732FD8F1A09DD1B0024BF01 /* UIKit.framework in Frameworks */ = {isa = PBXBuildFile; fileRef = 7732FD8E1A09DD1B0024BF01 /* UIKit.framework */; };
		7732FD951A09DD1B0024BF01 /* InfoPlist.strings in Resources */ = {isa = PBXBuildFile; fileRef = 7732FD931A09DD1B0024BF01 /* InfoPlist.strings */; };
		7732FD971A09DD1B0024BF01 /* main.m in Sources */ = {isa = PBXBuildFile; fileRef = 7732FD961A09DD1B0024BF01 /* main.m */; };
		7732FD9B1A09DD1B0024BF01 /* INNJAppDelegate.m in Sources */ = {isa = PBXBuildFile; fileRef = 7732FD9A1A09DD1B0024BF01 /* INNJAppDelegate.m */; };
		7732FD9E1A09DD1C0024BF01 /* Main.storyboard in Resources */ = {isa = PBXBuildFile; fileRef = 7732FD9C1A09DD1C0024BF01 /* Main.storyboard */; };
		7732FDA11A09DD1C0024BF01 /* INNJViewController.m in Sources */ = {isa = PBXBuildFile; fileRef = 7732FDA01A09DD1C0024BF01 /* INNJViewController.m */; };
		7732FDA31A09DD1C0024BF01 /* Images.xcassets in Resources */ = {isa = PBXBuildFile; fileRef = 7732FDA21A09DD1C0024BF01 /* Images.xcassets */; };
		7732FDAA1A09DD1C0024BF01 /* XCTest.framework in Frameworks */ = {isa = PBXBuildFile; fileRef = 7732FDA91A09DD1C0024BF01 /* XCTest.framework */; };
		7732FDAB1A09DD1C0024BF01 /* Foundation.framework in Frameworks */ = {isa = PBXBuildFile; fileRef = 7732FD8A1A09DD1B0024BF01 /* Foundation.framework */; };
		7732FDAC1A09DD1C0024BF01 /* UIKit.framework in Frameworks */ = {isa = PBXBuildFile; fileRef = 7732FD8E1A09DD1B0024BF01 /* UIKit.framework */; };
		7732FDB41A09DD1C0024BF01 /* InfoPlist.strings in Resources */ = {isa = PBXBuildFile; fileRef = 7732FDB21A09DD1C0024BF01 /* InfoPlist.strings */; };
		7732FDB61A09DD1C0024BF01 /* innjiaiosTests.m in Sources */ = {isa = PBXBuildFile; fileRef = 7732FDB51A09DD1C0024BF01 /* innjiaiosTests.m */; };
/* End PBXBuildFile section */

/* Begin PBXContainerItemProxy section */
		7732FDAD1A09DD1C0024BF01 /* PBXContainerItemProxy */ = {
			isa = PBXContainerItemProxy;
			containerPortal = 7732FD7F1A09DD1B0024BF01 /* Project object */;
			proxyType = 1;
			remoteGlobalIDString = 7732FD861A09DD1B0024BF01;
			remoteInfo = innjiaios;
		};
/* End PBXContainerItemProxy section */

/* Begin PBXFileReference section */
		7732FD871A09DD1B0024BF01 /* innjiaios.app */ = {isa = PBXFileReference; explicitFileType = wrapper.application; includeInIndex = 0; path = innjiaios.app; sourceTree = BUILT_PRODUCTS_DIR; };
		7732FD8A1A09DD1B0024BF01 /* Foundation.framework */ = {isa = PBXFileReference; lastKnownFileType = wrapper.framework; name = Foundation.framework; path = System/Library/Frameworks/Foundation.framework; sourceTree = SDKROOT; };
		7732FD8C1A09DD1B0024BF01 /* CoreGraphics.framework */ = {isa = PBXFileReference; lastKnownFileType = wrapper.framework; name = CoreGraphics.framework; path = System/Library/Frameworks/CoreGraphics.framework; sourceTree = SDKROOT; };
		7732FD8E1A09DD1B0024BF01 /* UIKit.framework */ = {isa = PBXFileReference; lastKnownFileType = wrapper.framework; name = UIKit.framework; path = System/Library/Frameworks/UIKit.framework; sourceTree = SDKROOT; };
		7732FD921A09DD1B0024BF01 /* innjiaios-Info.plist */ = {isa = PBXFileReference; lastKnownFileType = text.plist.xml; path = "innjiaios-Info.plist"; sourceTree = "<group>"; };
		7732FD941A09DD1B0024BF01 /* en */ = {isa = PBXFileReference; lastKnownFileType = text.plist.strings; name = en; path = en.lproj/InfoPlist.strings; sourceTree = "<group>"; };
		7732FD961A09DD1B0024BF01 /* main.m */ = {isa = PBXFileReference; lastKnownFileType = sourcecode.c.objc; path = main.m; sourceTree = "<group>"; };
		7732FD981A09DD1B0024BF01 /* innjiaios-Prefix.pch */ = {isa = PBXFileReference; lastKnownFileType = sourcecode.c.h; path = "innjiaios-Prefix.pch"; sourceTree = "<group>"; };
		7732FD991A09DD1B0024BF01 /* INNJAppDelegate.h */ = {isa = PBXFileReference; lastKnownFileType = sourcecode.c.h; path = INNJAppDelegate.h; sourceTree = "<group>"; };
		7732FD9A1A09DD1B0024BF01 /* INNJAppDelegate.m */ = {isa = PBXFileReference; lastKnownFileType = sourcecode.c.objc; path = INNJAppDelegate.m; sourceTree = "<group>"; };
		7732FD9D1A09DD1C0024BF01 /* Base */ = {isa = PBXFileReference; lastKnownFileType = file.storyboard; name = Base; path = Base.lproj/Main.storyboard; sourceTree = "<group>"; };
		7732FD9F1A09DD1C0024BF01 /* INNJViewController.h */ = {isa = PBXFileReference; lastKnownFileType = sourcecode.c.h; path = INNJViewController.h; sourceTree = "<group>"; };
		7732FDA01A09DD1C0024BF01 /* INNJViewController.m */ = {isa = PBXFileReference; lastKnownFileType = sourcecode.c.objc; path = INNJViewController.m; sourceTree = "<group>"; };
		7732FDA21A09DD1C0024BF01 /* Images.xcassets */ = {isa = PBXFileReference; lastKnownFileType = folder.assetcatalog; path = Images.xcassets; sourceTree = "<group>"; };
		7732FDA81A09DD1C0024BF01 /* innjiaiosTests.xctest */ = {isa = PBXFileReference; explicitFileType = wrapper.cfbundle; includeInIndex = 0; path = innjiaiosTests.xctest; sourceTree = BUILT_PRODUCTS_DIR; };
		7732FDA91A09DD1C0024BF01 /* XCTest.framework */ = {isa = PBXFileReference; lastKnownFileType = wrapper.framework; name = XCTest.framework; path = Library/Frameworks/XCTest.framework; sourceTree = DEVELOPER_DIR; };
		7732FDB11A09DD1C0024BF01 /* innjiaiosTests-Info.plist */ = {isa = PBXFileReference; lastKnownFileType = text.plist.xml; path = "innjiaiosTests-Info.plist"; sourceTree = "<group>"; };
		7732FDB31A09DD1C0024BF01 /* en */ = {isa = PBXFileReference; lastKnownFileType = text.plist.strings; name = en; path = en.lproj/InfoPlist.strings; sourceTree = "<group>"; };
		7732FDB51A09DD1C0024BF01 /* innjiaiosTests.m */ = {isa = PBXFileReference; lastKnownFileType = sourcecode.c.objc; path = innjiaiosTests.m; sourceTree = "<group>"; };
/* End PBXFileReference section */

/* Begin PBXFrameworksBuildPhase section */
		7732FD841A09DD1B0024BF01 /* Frameworks */ = {
			isa = PBXFrameworksBuildPhase;
			buildActionMask = 2147483647;
			files = (
				7732FD8D1A09DD1B0024BF01 /* CoreGraphics.framework in Frameworks */,
				7732FD8F1A09DD1B0024BF01 /* UIKit.framework in Frameworks */,
				7732FD8B1A09DD1B0024BF01 /* Foundation.framework in Frameworks */,
			);
			runOnlyForDeploymentPostprocessing = 0;
		};
		7732FDA51A09DD1C0024BF01 /* Frameworks */ = {
			isa = PBXFrameworksBuildPhase;
			buildActionMask = 2147483647;
			files = (
				7732FDAA1A09DD1C0024BF01 /* XCTest.framework in Frameworks */,
				7732FDAC1A09DD1C0024BF01 /* UIKit.framework in Frameworks */,
				7732FDAB1A09DD1C0024BF01 /* Foundation.framework in Frameworks */,
			);
			runOnlyForDeploymentPostprocessing = 0;
		};
/* End PBXFrameworksBuildPhase section */

/* Begin PBXGroup section */
		7732FD7E1A09DD1B0024BF01 = {
			isa = PBXGroup;
			children = (
				7732FD901A09DD1B0024BF01 /* innjiaios */,
				7732FDAF1A09DD1C0024BF01 /* innjiaiosTests */,
				7732FD891A09DD1B0024BF01 /* Frameworks */,
				7732FD881A09DD1B0024BF01 /* Products */,
			);
			sourceTree = "<group>";
		};
		7732FD881A09DD1B0024BF01 /* Products */ = {
			isa = PBXGroup;
			children = (
				7732FD871A09DD1B0024BF01 /* innjiaios.app */,
				7732FDA81A09DD1C0024BF01 /* innjiaiosTests.xctest */,
			);
			name = Products;
			sourceTree = "<group>";
		};
		7732FD891A09DD1B0024BF01 /* Frameworks */ = {
			isa = PBXGroup;
			children = (
				7732FD8A1A09DD1B0024BF01 /* Foundation.framework */,
				7732FD8C1A09DD1B0024BF01 /* CoreGraphics.framework */,
				7732FD8E1A09DD1B0024BF01 /* UIKit.framework */,
				7732FDA91A09DD1C0024BF01 /* XCTest.framework */,
			);
			name = Frameworks;
			sourceTree = "<group>";
		};
		7732FD901A09DD1B0024BF01 /* innjiaios */ = {
			isa = PBXGroup;
			children = (
				7732FD991A09DD1B0024BF01 /* INNJAppDelegate.h */,
				7732FD9A1A09DD1B0024BF01 /* INNJAppDelegate.m */,
				7732FD9C1A09DD1C0024BF01 /* Main.storyboard */,
				7732FD9F1A09DD1C0024BF01 /* INNJViewController.h */,
				7732FDA01A09DD1C0024BF01 /* INNJViewController.m */,
				7732FDA21A09DD1C0024BF01 /* Images.xcassets */,
				7732FD911A09DD1B0024BF01 /* Supporting Files */,
			);
			path = innjiaios;
			sourceTree = "<group>";
		};
		7732FD911A09DD1B0024BF01 /* Supporting Files */ = {
			isa = PBXGroup;
			children = (
				7732FD921A09DD1B0024BF01 /* innjiaios-Info.plist */,
				7732FD931A09DD1B0024BF01 /* InfoPlist.strings */,
				7732FD961A09DD1B0024BF01 /* main.m */,
				7732FD981A09DD1B0024BF01 /* innjiaios-Prefix.pch */,
			);
			name = "Supporting Files";
			sourceTree = "<group>";
		};
		7732FDAF1A09DD1C0024BF01 /* innjiaiosTests */ = {
			isa = PBXGroup;
			children = (
				7732FDB51A09DD1C0024BF01 /* innjiaiosTests.m */,
				7732FDB01A09DD1C0024BF01 /* Supporting Files */,
			);
			path = innjiaiosTests;
			sourceTree = "<group>";
		};
		7732FDB01A09DD1C0024BF01 /* Supporting Files */ = {
			isa = PBXGroup;
			children = (
				7732FDB11A09DD1C0024BF01 /* innjiaiosTests-Info.plist */,
				7732FDB21A09DD1C0024BF01 /* InfoPlist.strings */,
			);
			name = "Supporting Files";
			sourceTree = "<group>";
		};
/* End PBXGroup section */

/* Begin PBXNativeTarget section */
		7732FD861A09DD1B0024BF01 /* innjiaios */ = {
			isa = PBXNativeTarget;
			buildConfigurationList = 7732FDB91A09DD1C0024BF01 /* Build configuration list for PBXNativeTarget "innjiaios" */;
			buildPhases = (
				7732FD831A09DD1B0024BF01 /* Sources */,
				7732FD841A09DD1B0024BF01 /* Frameworks */,
				7732FD851A09DD1B0024BF01 /* Resources */,
			);
			buildRules = (
			);
			dependencies = (
			);
			name = innjiaios;
			productName = innjiaios;
			productReference = 7732FD871A09DD1B0024BF01 /* innjiaios.app */;
			productType = "com.apple.product-type.application";
		};
		7732FDA71A09DD1C0024BF01 /* innjiaiosTests */ = {
			isa = PBXNativeTarget;
			buildConfigurationList = 7732FDBC1A09DD1C0024BF01 /* Build configuration list for PBXNativeTarget "innjiaiosTests" */;
			buildPhases = (
				7732FDA41A09DD1C0024BF01 /* Sources */,
				7732FDA51A09DD1C0024BF01 /* Frameworks */,
				7732FDA61A09DD1C0024BF01 /* Resources */,
			);
			buildRules = (
			);
			dependencies = (
				7732FDAE1A09DD1C0024BF01 /* PBXTargetDependency */,
			);
			name = innjiaiosTests;
			productName = innjiaiosTests;
			productReference = 7732FDA81A09DD1C0024BF01 /* innjiaiosTests.xctest */;
			productType = "com.apple.product-type.bundle.unit-test";
		};
/* End PBXNativeTarget section */

/* Begin PBXProject section */
		7732FD7F1A09DD1B0024BF01 /* Project object */ = {
			isa = PBXProject;
			attributes = {
				CLASSPREFIX = INNJ;
				LastUpgradeCheck = 0510;
				ORGANIZATIONNAME = wl;
				TargetAttributes = {
					7732FDA71A09DD1C0024BF01 = {
						TestTargetID = 7732FD861A09DD1B0024BF01;
					};
				};
			};
			buildConfigurationList = 7732FD821A09DD1B0024BF01 /* Build configuration list for PBXProject "innjiaios" */;
			compatibilityVersion = "Xcode 3.2";
			developmentRegion = English;
			hasScannedForEncodings = 0;
			knownRegions = (
				en,
				Base,
			);
			mainGroup = 7732FD7E1A09DD1B0024BF01;
			productRefGroup = 7732FD881A09DD1B0024BF01 /* Products */;
			projectDirPath = "";
			projectRoot = "";
			targets = (
				7732FD861A09DD1B0024BF01 /* innjiaios */,
				7732FDA71A09DD1C0024BF01 /* innjiaiosTests */,
			);
		};
/* End PBXProject section */

/* Begin PBXResourcesBuildPhase section */
		7732FD851A09DD1B0024BF01 /* Resources */ = {
			isa = PBXResourcesBuildPhase;
			buildActionMask = 2147483647;
			files = (
				7732FDA31A09DD1C0024BF01 /* Images.xcassets in Resources */,
				7732FD951A09DD1B0024BF01 /* InfoPlist.strings in Resources */,
				7732FD9E1A09DD1C0024BF01 /* Main.storyboard in Resources */,
			);
			runOnlyForDeploymentPostprocessing = 0;
		};
		7732FDA61A09DD1C0024BF01 /* Resources */ = {
			isa = PBXResourcesBuildPhase;
			buildActionMask = 2147483647;
			files = (
				7732FDB41A09DD1C0024BF01 /* InfoPlist.strings in Resources */,
			);
			runOnlyForDeploymentPostprocessing = 0;
		};
/* End PBXResourcesBuildPhase section */

/* Begin PBXSourcesBuildPhase section */
		7732FD831A09DD1B0024BF01 /* Sources */ = {
			isa = PBXSourcesBuildPhase;
			buildActionMask = 2147483647;
			files = (
				7732FD971A09DD1B0024BF01 /* main.m in Sources */,
				7732FD9B1A09DD1B0024BF01 /* INNJAppDelegate.m in Sources */,
				7732FDA11A09DD1C0024BF01 /* INNJViewController.m in Sources */,
			);
			runOnlyForDeploymentPostprocessing = 0;
		};
		7732FDA41A09DD1C0024BF01 /* Sources */ = {
			isa = PBXSourcesBuildPhase;
			buildActionMask = 2147483647;
			files = (
				7732FDB61A09DD1C0024BF01 /* innjiaiosTests.m in Sources */,
			);
			runOnlyForDeploymentPostprocessing = 0;
		};
/* End PBXSourcesBuildPhase section */

/* Begin PBXTargetDependency section */
		7732FDAE1A09DD1C0024BF01 /* PBXTargetDependency */ = {
			isa = PBXTargetDependency;
			target = 7732FD861A09DD1B0024BF01 /* innjiaios */;
			targetProxy = 7732FDAD1A09DD1C0024BF01 /* PBXContainerItemProxy */;
		};
/* End PBXTargetDependency section */

/* Begin PBXVariantGroup section */
		7732FD931A09DD1B0024BF01 /* InfoPlist.strings */ = {
			isa = PBXVariantGroup;
			children = (
				7732FD941A09DD1B0024BF01 /* en */,
			);
			name = InfoPlist.strings;
			sourceTree = "<group>";
		};
		7732FD9C1A09DD1C0024BF01 /* Main.storyboard */ = {
			isa = PBXVariantGroup;
			children = (
				7732FD9D1A09DD1C0024BF01 /* Base */,
			);
			name = Main.storyboard;
			sourceTree = "<group>";
		};
		7732FDB21A09DD1C0024BF01 /* InfoPlist.strings */ = {
			isa = PBXVariantGroup;
			children = (
				7732FDB31A09DD1C0024BF01 /* en */,
			);
			name = InfoPlist.strings;
			sourceTree = "<group>";
		};
/* End PBXVariantGroup section */

/* Begin XCBuildConfiguration section */
		7732FDB71A09DD1C0024BF01 /* Debug */ = {
			isa = XCBuildConfiguration;
			buildSettings = {
				ALWAYS_SEARCH_USER_PATHS = NO;
				CLANG_CXX_LANGUAGE_STANDARD = "gnu++0x";
				CLANG_CXX_LIBRARY = "libc++";
				CLANG_ENABLE_MODULES = YES;
				CLANG_ENABLE_OBJC_ARC = YES;
				CLANG_WARN_BOOL_CONVERSION = YES;
				CLANG_WARN_CONSTANT_CONVERSION = YES;
				CLANG_WARN_DIRECT_OBJC_ISA_USAGE = YES_ERROR;
				CLANG_WARN_EMPTY_BODY = YES;
				CLANG_WARN_ENUM_CONVERSION = YES;
				CLANG_WARN_INT_CONVERSION = YES;
				CLANG_WARN_OBJC_ROOT_CLASS = YES_ERROR;
				CLANG_WARN__DUPLICATE_METHOD_MATCH = YES;
				"CODE_SIGN_IDENTITY[sdk=iphoneos*]" = "iPhone Developer";
				COPY_PHASE_STRIP = NO;
				GCC_C_LANGUAGE_STANDARD = gnu99;
				GCC_DYNAMIC_NO_PIC = NO;
				GCC_OPTIMIZATION_LEVEL = 0;
				GCC_PREPROCESSOR_DEFINITIONS = (
					"DEBUG=1",
					"$(inherited)",
				);
				GCC_SYMBOLS_PRIVATE_EXTERN = NO;
				GCC_WARN_64_TO_32_BIT_CONVERSION = YES;
				GCC_WARN_ABOUT_RETURN_TYPE = YES_ERROR;
				GCC_WARN_UNDECLARED_SELECTOR = YES;
				GCC_WARN_UNINITIALIZED_AUTOS = YES_AGGRESSIVE;
				GCC_WARN_UNUSED_FUNCTION = YES;
				GCC_WARN_UNUSED_VARIABLE = YES;
				IPHONEOS_DEPLOYMENT_TARGET = 7.1;
				ONLY_ACTIVE_ARCH = YES;
				SDKROOT = iphoneos;
			};
			name = Debug;
		};
		7732FDB81A09DD1C0024BF01 /* Release */ = {
			isa = XCBuildConfiguration;
			buildSettings = {
				ALWAYS_SEARCH_USER_PATHS = NO;
				CLANG_CXX_LANGUAGE_STANDARD = "gnu++0x";
				CLANG_CXX_LIBRARY = "libc++";
				CLANG_ENABLE_MODULES = YES;
				CLANG_ENABLE_OBJC_ARC = YES;
				CLANG_WARN_BOOL_CONVERSION = YES;
				CLANG_WARN_CONSTANT_CONVERSION = YES;
				CLANG_WARN_DIRECT_OBJC_ISA_USAGE = YES_ERROR;
				CLANG_WARN_EMPTY_BODY = YES;
				CLANG_WARN_ENUM_CONVERSION = YES;
				CLANG_WARN_INT_CONVERSION = YES;
				CLANG_WARN_OBJC_ROOT_CLASS = YES_ERROR;
				CLANG_WARN__DUPLICATE_METHOD_MATCH = YES;
				"CODE_SIGN_IDENTITY[sdk=iphoneos*]" = "iPhone Developer";
				COPY_PHASE_STRIP = YES;
				ENABLE_NS_ASSERTIONS = NO;
				GCC_C_LANGUAGE_STANDARD = gnu99;
				GCC_WARN_64_TO_32_BIT_CONVERSION = YES;
				GCC_WARN_ABOUT_RETURN_TYPE = YES_ERROR;
				GCC_WARN_UNDECLARED_SELECTOR = YES;
				GCC_WARN_UNINITIALIZED_AUTOS = YES_AGGRESSIVE;
				GCC_WARN_UNUSED_FUNCTION = YES;
				GCC_WARN_UNUSED_VARIABLE = YES;
				IPHONEOS_DEPLOYMENT_TARGET = 7.1;
				SDKROOT = iphoneos;
				VALIDATE_PRODUCT = YES;
			};
			name = Release;
		};
		7732FDBA1A09DD1C0024BF01 /* Debug */ = {
			isa = XCBuildConfiguration;
			buildSettings = {
				ASSETCATALOG_COMPILER_APPICON_NAME = AppIcon;
				ASSETCATALOG_COMPILER_LAUNCHIMAGE_NAME = LaunchImage;
				GCC_PRECOMPILE_PREFIX_HEADER = YES;
				GCC_PREFIX_HEADER = "innjiaios/innjiaios-Prefix.pch";
				INFOPLIST_FILE = "innjiaios/innjiaios-Info.plist";
				PRODUCT_NAME = "$(TARGET_NAME)";
				WRAPPER_EXTENSION = app;
			};
			name = Debug;
		};
		7732FDBB1A09DD1C0024BF01 /* Release */ = {
			isa = XCBuildConfiguration;
			buildSettings = {
				ASSETCATALOG_COMPILER_APPICON_NAME = AppIcon;
				ASSETCATALOG_COMPILER_LAUNCHIMAGE_NAME = LaunchImage;
				GCC_PRECOMPILE_PREFIX_HEADER = YES;
				GCC_PREFIX_HEADER = "innjiaios/innjiaios-Prefix.pch";
				INFOPLIST_FILE = "innjiaios/innjiaios-Info.plist";
				PRODUCT_NAME = "$(TARGET_NAME)";
				WRAPPER_EXTENSION = app;
			};
			name = Release;
		};
		7732FDBD1A09DD1C0024BF01 /* Debug */ = {
			isa = XCBuildConfiguration;
			buildSettings = {
				BUNDLE_LOADER = "$(BUILT_PRODUCTS_DIR)/innjiaios.app/innjiaios";
				FRAMEWORK_SEARCH_PATHS = (
					"$(SDKROOT)/Developer/Library/Frameworks",
					"$(inherited)",
					"$(DEVELOPER_FRAMEWORKS_DIR)",
				);
				GCC_PRECOMPILE_PREFIX_HEADER = YES;
				GCC_PREFIX_HEADER = "innjiaios/innjiaios-Prefix.pch";
				GCC_PREPROCESSOR_DEFINITIONS = (
					"DEBUG=1",
					"$(inherited)",
				);
				INFOPLIST_FILE = "innjiaiosTests/innjiaiosTests-Info.plist";
				PRODUCT_NAME = "$(TARGET_NAME)";
				TEST_HOST = "$(BUNDLE_LOADER)";
				WRAPPER_EXTENSION = xctest;
			};
			name = Debug;
		};
		7732FDBE1A09DD1C0024BF01 /* Release */ = {
			isa = XCBuildConfiguration;
			buildSettings = {
				BUNDLE_LOADER = "$(BUILT_PRODUCTS_DIR)/innjiaios.app/innjiaios";
				FRAMEWORK_SEARCH_PATHS = (
					"$(SDKROOT)/Developer/Library/Frameworks",
					"$(inherited)",
					"$(DEVELOPER_FRAMEWORKS_DIR)",
				);
				GCC_PRECOMPILE_PREFIX_HEADER = YES;
				GCC_PREFIX_HEADER = "innjiaios/innjiaios-Prefix.pch";
				INFOPLIST_FILE = "innjiaiosTests/innjiaiosTests-Info.plist";
				PRODUCT_NAME = "$(TARGET_NAME)";
				TEST_HOST = "$(BUNDLE_LOADER)";
				WRAPPER_EXTENSION = xctest;
			};
			name = Release;
		};
/* End XCBuildConfiguration section */

/* Begin XCConfigurationList section */
		7732FD821A09DD1B0024BF01 /* Build configuration list for PBXProject "innjiaios" */ = {
			isa = XCConfigurationList;
			buildConfigurations = (
				7732FDB71A09DD1C0024BF01 /* Debug */,
				7732FDB81A09DD1C0024BF01 /* Release */,
			);
			defaultConfigurationIsVisible = 0;
			defaultConfigurationName = Release;
		};
		7732FDB91A09DD1C0024BF01 /* Build configuration list for PBXNativeTarget "innjiaios" */ = {
			isa = XCConfigurationList;
			buildConfigurations = (
				7732FDBA1A09DD1C0024BF01 /* Debug */,
				7732FDBB1A09DD1C0024BF01 /* Release */,
			);
			defaultConfigurationIsVisible = 0;
		};
		7732FDBC1A09DD1C0024BF01 /* Build configuration list for PBXNativeTarget "innjiaiosTests" */ = {
			isa = XCConfigurationList;
			buildConfigurations = (
				7732FDBD1A09DD1C0024BF01 /* Debug */,
				7732FDBE1A09DD1C0024BF01 /* Release */,
			);
			defaultConfigurationIsVisible = 0;
		};
/* End XCConfigurationList section */
	};
	rootObject = 7732FD7F1A09DD1B0024BF01 /* Project object */;
}
